
Microsoft Visual Studio Solution File, Format Version 12.00
# Visual Studio 2013
VisualStudioVersion = 12.0.31101.0
MinimumVisualStudioVersion = 10.0.40219.1
Project("{FAE04EC0-301F-11D3-BF4B-00C04F79EFBC}") = "GenericSearch.UI", "GenericSearch.UI\GenericSearch.UI.csproj", "{05731E06-F442-42BF-B644-98D028206F94}"
EndProject
Project("{FAE04EC0-301F-11D3-BF4B-00C04F79EFBC}") = "GenericSearch.Core", "GenericSearch.Core\GenericSearch.Core.csproj", "{1D2BDC73-FB11-4468-BCFC-884FAF754A01}"
EndProject
Project("{FAE04EC0-301F-11D3-BF4B-00C04F79EFBC}") = "GenericSearch.Data", "GenericSearch.Data\GenericSearch.Data.csproj", "{5F3C5071-6911-46BF-A1E2-A41D2B77C9D6}"
EndProject
Project("{FAE04EC0-301F-11D3-BF4B-00C04F79EFBC}") = "GenericSearch.Paging", "GenericSearch.Paging\GenericSearch.Paging.csproj", "{E432EF20-3B14-40B6-8278-BDF9BE9DDCF2}"
EndProject
Project("{FAE04EC0-301F-11D3-BF4B-00C04F79EFBC}") = "GenericSearch.Grammar", "GenericSearch.Grammar\GenericSearch.Grammar.csproj", "{5E61EE4F-9C1A-4BAE-AE12-FD5C2F6B577A}"
EndProject
Project("{FAE04EC0-301F-11D3-BF4B-00C04F79EFBC}") = "GenericSearch.Grammar.Test", "GenericSearch.Grammar.Test\GenericSearch.Grammar.Test.csproj", "{F117F776-6F3A-43AC-AF7F-3E828817C631}"
EndProject
Project("{2150E333-8FDC-42A3-9474-1A3956D46DE8}") = "Grammar", "Grammar", "{A444A1CE-AD85-4A4F-A1D8-00400B93CF5F}"
EndProject
Project("{FAE04EC0-301F-11D3-BF4B-00C04F79EFBC}") = "GenericSearch.Common", "GenericSearch.Common\GenericSearch.Common.csproj", "{D4ED5D8D-8ACA-4E70-AE80-68E92D973098}"
EndProject
Project("{FAE04EC0-301F-11D3-BF4B-00C04F79EFBC}") = "GenericSearch.Core.Test", "GenericSearch.Core.Test\GenericSearch.Core.Test.csproj", "{CC89CFD8-CEBC-44BD-8C64-04E6A715E93E}"
EndProject
Project("{2150E333-8FDC-42A3-9474-1A3956D46DE8}") = ".nuget", ".nuget", "{72642BCD-7350-4942-A931-79D095022172}"
	ProjectSection(SolutionItems) = preProject
		.nuget\packages.config = .nuget\packages.config
	EndProjectSection
EndProject
Global
	GlobalSection(SolutionConfigurationPlatforms) = preSolution
		Debug|Any CPU = Debug|Any CPU
		Release|Any CPU = Release|Any CPU
	EndGlobalSection
	GlobalSection(ProjectConfigurationPlatforms) = postSolution
		{05731E06-F442-42BF-B644-98D028206F94}.Debug|Any CPU.ActiveCfg = Debug|Any CPU
		{05731E06-F442-42BF-B644-98D028206F94}.Debug|Any CPU.Build.0 = Debug|Any CPU
		{05731E06-F442-42BF-B644-98D028206F94}.Release|Any CPU.ActiveCfg = Release|Any CPU
		{05731E06-F442-42BF-B644-98D028206F94}.Release|Any CPU.Build.0 = Release|Any CPU
		{1D2BDC73-FB11-4468-BCFC-884FAF754A01}.Debug|Any CPU.ActiveCfg = Debug|Any CPU
		{1D2BDC73-FB11-4468-BCFC-884FAF754A01}.Debug|Any CPU.Build.0 = Debug|Any CPU
		{1D2BDC73-FB11-4468-BCFC-884FAF754A01}.Release|Any CPU.ActiveCfg = Release|Any CPU
		{1D2BDC73-FB11-4468-BCFC-884FAF754A01}.Release|Any CPU.Build.0 = Release|Any CPU
		{5F3C5071-6911-46BF-A1E2-A41D2B77C9D6}.Debug|Any CPU.ActiveCfg = Debug|Any CPU
		{5F3C5071-6911-46BF-A1E2-A41D2B77C9D6}.Debug|Any CPU.Build.0 = Debug|Any CPU
		{5F3C5071-6911-46BF-A1E2-A41D2B77C9D6}.Release|Any CPU.ActiveCfg = Release|Any CPU
		{5F3C5071-6911-46BF-A1E2-A41D2B77C9D6}.Release|Any CPU.Build.0 = Release|Any CPU
		{E432EF20-3B14-40B6-8278-BDF9BE9DDCF2}.Debug|Any CPU.ActiveCfg = Debug|Any CPU
		{E432EF20-3B14-40B6-8278-BDF9BE9DDCF2}.Debug|Any CPU.Build.0 = Debug|Any CPU
		{E432EF20-3B14-40B6-8278-BDF9BE9DDCF2}.Release|Any CPU.ActiveCfg = Release|Any CPU
		{E432EF20-3B14-40B6-8278-BDF9BE9DDCF2}.Release|Any CPU.Build.0 = Release|Any CPU
		{5E61EE4F-9C1A-4BAE-AE12-FD5C2F6B577A}.Debug|Any CPU.ActiveCfg = Debug|Any CPU
		{5E61EE4F-9C1A-4BAE-AE12-FD5C2F6B577A}.Debug|Any CPU.Build.0 = Debug|Any CPU
		{5E61EE4F-9C1A-4BAE-AE12-FD5C2F6B577A}.Release|Any CPU.ActiveCfg = Release|Any CPU
		{5E61EE4F-9C1A-4BAE-AE12-FD5C2F6B577A}.Release|Any CPU.Build.0 = Release|Any CPU
		{F117F776-6F3A-43AC-AF7F-3E828817C631}.Debug|Any CPU.ActiveCfg = Debug|Any CPU
		{F117F776-6F3A-43AC-AF7F-3E828817C631}.Debug|Any CPU.Build.0 = Debug|Any CPU
		{F117F776-6F3A-43AC-AF7F-3E828817C631}.Release|Any CPU.ActiveCfg = Release|Any CPU
		{F117F776-6F3A-43AC-AF7F-3E828817C631}.Release|Any CPU.Build.0 = Release|Any CPU
		{D4ED5D8D-8ACA-4E70-AE80-68E92D973098}.Debug|Any CPU.ActiveCfg = Debug|Any CPU
		{D4ED5D8D-8ACA-4E70-AE80-68E92D973098}.Debug|Any CPU.Build.0 = Debug|Any CPU
		{D4ED5D8D-8ACA-4E70-AE80-68E92D973098}.Release|Any CPU.ActiveCfg = Release|Any CPU
		{D4ED5D8D-8ACA-4E70-AE80-68E92D973098}.Release|Any CPU.Build.0 = Release|Any CPU
		{CC89CFD8-CEBC-44BD-8C64-04E6A715E93E}.Debug|Any CPU.ActiveCfg = Debug|Any CPU
		{CC89CFD8-CEBC-44BD-8C64-04E6A715E93E}.Debug|Any CPU.Build.0 = Debug|Any CPU
		{CC89CFD8-CEBC-44BD-8C64-04E6A715E93E}.Release|Any CPU.ActiveCfg = Release|Any CPU
		{CC89CFD8-CEBC-44BD-8C64-04E6A715E93E}.Release|Any CPU.Build.0 = Release|Any CPU
	EndGlobalSection
	GlobalSection(SolutionProperties) = preSolution
		HideSolutionNode = FALSE
	EndGlobalSection
	GlobalSection(NestedProjects) = preSolution
		{5E61EE4F-9C1A-4BAE-AE12-FD5C2F6B577A} = {A444A1CE-AD85-4A4F-A1D8-00400B93CF5F}
		{F117F776-6F3A-43AC-AF7F-3E828817C631} = {A444A1CE-AD85-4A4F-A1D8-00400B93CF5F}
		{D4ED5D8D-8ACA-4E70-AE80-68E92D973098} = {A444A1CE-AD85-4A4F-A1D8-00400B93CF5F}
	EndGlobalSection
EndGlobal
