
Microsoft Visual Studio Solution File, Format Version 12.00
# Visual Studio 2012
Project("{FAE04EC0-301F-11D3-BF4B-00C04F79EFBC}") = "GenericSearch.UI", "GenericSearch.UI\GenericSearch.UI.csproj", "{05731E06-F442-42BF-B644-98D028206F94}"
EndProject
Project("{FAE04EC0-301F-11D3-BF4B-00C04F79EFBC}") = "GenericSearch.Core", "GenericSearch.Core\GenericSearch.Core.csproj", "{1D2BDC73-FB11-4468-BCFC-884FAF754A01}"
EndProject
Project("{FAE04EC0-301F-11D3-BF4B-00C04F79EFBC}") = "GenericSearch.Data", "GenericSearch.Data\GenericSearch.Data.csproj", "{5F3C5071-6911-46BF-A1E2-A41D2B77C9D6}"
EndProject
Project("{FAE04EC0-301F-11D3-BF4B-00C04F79EFBC}") = "GenericSearch.Paging", "GenericSearch.Paging\GenericSearch.Paging.csproj", "{E432EF20-3B14-40B6-8278-BDF9BE9DDCF2}"
EndProject
Global
	GlobalSection(SolutionConfigurationPlatforms) = preSolution
		Debug|Any CPU = Debug|Any CPU
		Release|Any CPU = Release|Any CPU
	EndGlobalSection
	GlobalSection(ProjectConfigurationPlatforms) = postSolution
		{05731E06-F442-42BF-B644-98D028206F94}.Debug|Any CPU.ActiveCfg = Debug|Any CPU
		{05731E06-F442-42BF-B644-98D028206F94}.Debug|Any CPU.Build.0 = Debug|Any CPU
		{05731E06-F442-42BF-B644-98D028206F94}.Release|Any CPU.ActiveCfg = Release|Any CPU
		{05731E06-F442-42BF-B644-98D028206F94}.Release|Any CPU.Build.0 = Release|Any CPU
		{1D2BDC73-FB11-4468-BCFC-884FAF754A01}.Debug|Any CPU.ActiveCfg = Debug|Any CPU
		{1D2BDC73-FB11-4468-BCFC-884FAF754A01}.Debug|Any CPU.Build.0 = Debug|Any CPU
		{1D2BDC73-FB11-4468-BCFC-884FAF754A01}.Release|Any CPU.ActiveCfg = Release|Any CPU
		{1D2BDC73-FB11-4468-BCFC-884FAF754A01}.Release|Any CPU.Build.0 = Release|Any CPU
		{5F3C5071-6911-46BF-A1E2-A41D2B77C9D6}.Debug|Any CPU.ActiveCfg = Debug|Any CPU
		{5F3C5071-6911-46BF-A1E2-A41D2B77C9D6}.Debug|Any CPU.Build.0 = Debug|Any CPU
		{5F3C5071-6911-46BF-A1E2-A41D2B77C9D6}.Release|Any CPU.ActiveCfg = Release|Any CPU
		{5F3C5071-6911-46BF-A1E2-A41D2B77C9D6}.Release|Any CPU.Build.0 = Release|Any CPU
		{E432EF20-3B14-40B6-8278-BDF9BE9DDCF2}.Debug|Any CPU.ActiveCfg = Debug|Any CPU
		{E432EF20-3B14-40B6-8278-BDF9BE9DDCF2}.Debug|Any CPU.Build.0 = Debug|Any CPU
		{E432EF20-3B14-40B6-8278-BDF9BE9DDCF2}.Release|Any CPU.ActiveCfg = Release|Any CPU
		{E432EF20-3B14-40B6-8278-BDF9BE9DDCF2}.Release|Any CPU.Build.0 = Release|Any CPU
	EndGlobalSection
	GlobalSection(SolutionProperties) = preSolution
		HideSolutionNode = FALSE
	EndGlobalSection
EndGlobal
